
Microsoft Visual Studio Solution File, Format Version 12.00
# Visual Studio 15
VisualStudioVersion = 15.0.27428.2011
MinimumVisualStudioVersion = 10.0.40219.1
Project("{FAE04EC0-301F-11D3-BF4B-00C04F79EFBC}") = "DistribuidoraAPI", "DistribuidoraAPI\DistribuidoraAPI.csproj", "{EB2D861B-78E1-4566-B550-DE11CDBAA2F9}"
EndProject
Project("{FAE04EC0-301F-11D3-BF4B-00C04F79EFBC}") = "Negocio", "Negocio\Negocio.csproj", "{1664B839-29D5-495E-92DF-9259E1ADBA89}"
EndProject
Global
	GlobalSection(SolutionConfigurationPlatforms) = preSolution
		Debug|Any CPU = Debug|Any CPU
		Release|Any CPU = Release|Any CPU
	EndGlobalSection
	GlobalSection(ProjectConfigurationPlatforms) = postSolution
		{EB2D861B-78E1-4566-B550-DE11CDBAA2F9}.Debug|Any CPU.ActiveCfg = Debug|Any CPU
		{EB2D861B-78E1-4566-B550-DE11CDBAA2F9}.Debug|Any CPU.Build.0 = Debug|Any CPU
		{EB2D861B-78E1-4566-B550-DE11CDBAA2F9}.Release|Any CPU.ActiveCfg = Release|Any CPU
		{EB2D861B-78E1-4566-B550-DE11CDBAA2F9}.Release|Any CPU.Build.0 = Release|Any CPU
		{1664B839-29D5-495E-92DF-9259E1ADBA89}.Debug|Any CPU.ActiveCfg = Debug|Any CPU
		{1664B839-29D5-495E-92DF-9259E1ADBA89}.Debug|Any CPU.Build.0 = Debug|Any CPU
		{1664B839-29D5-495E-92DF-9259E1ADBA89}.Release|Any CPU.ActiveCfg = Release|Any CPU
		{1664B839-29D5-495E-92DF-9259E1ADBA89}.Release|Any CPU.Build.0 = Release|Any CPU
	EndGlobalSection
	GlobalSection(SolutionProperties) = preSolution
		HideSolutionNode = FALSE
	EndGlobalSection
	GlobalSection(ExtensibilityGlobals) = postSolution
		SolutionGuid = {5F7CAAE7-B98D-4E80-9FCB-CA7BDCD148F5}
	EndGlobalSection
EndGlobal
